
Microsoft Visual Studio Solution File, Format Version 12.00
# Visual Studio Version 17
VisualStudioVersion = 17.12.35707.178 d17.12
MinimumVisualStudioVersion = 10.0.40219.1
Project("{FAE04EC0-301F-11D3-BF4B-00C04F79EFBC}") = "Project", "Project\Project.csproj", "{0454ED24-C267-4E7B-81C1-84991720FD89}"
EndProject
Project("{2150E333-8FDC-42A3-9474-1A3956D46DE8}") = "Элементы решения", "Элементы решения", "{ADD0CDF6-28DF-415E-979B-D3E6430F2A86}"
EndProject
Project("{FAE04EC0-301F-11D3-BF4B-00C04F79EFBC}") = "ConsoleApp1", "ConsoleApp1\ConsoleApp1.csproj", "{856E2BCC-13D4-4E89-943D-CE6AD5451874}"
EndProject
Global
	GlobalSection(SolutionConfigurationPlatforms) = preSolution
		Debug|Any CPU = Debug|Any CPU
		Release|Any CPU = Release|Any CPU
	EndGlobalSection
	GlobalSection(ProjectConfigurationPlatforms) = postSolution
		{0454ED24-C267-4E7B-81C1-84991720FD89}.Debug|Any CPU.ActiveCfg = Debug|Any CPU
		{0454ED24-C267-4E7B-81C1-84991720FD89}.Debug|Any CPU.Build.0 = Debug|Any CPU
		{0454ED24-C267-4E7B-81C1-84991720FD89}.Release|Any CPU.ActiveCfg = Release|Any CPU
		{0454ED24-C267-4E7B-81C1-84991720FD89}.Release|Any CPU.Build.0 = Release|Any CPU
		{856E2BCC-13D4-4E89-943D-CE6AD5451874}.Debug|Any CPU.ActiveCfg = Debug|Any CPU
		{856E2BCC-13D4-4E89-943D-CE6AD5451874}.Debug|Any CPU.Build.0 = Debug|Any CPU
		{856E2BCC-13D4-4E89-943D-CE6AD5451874}.Release|Any CPU.ActiveCfg = Release|Any CPU
		{856E2BCC-13D4-4E89-943D-CE6AD5451874}.Release|Any CPU.Build.0 = Release|Any CPU
	EndGlobalSection
	GlobalSection(SolutionProperties) = preSolution
		HideSolutionNode = FALSE
	EndGlobalSection
EndGlobal
